
Microsoft Visual Studio Solution File, Format Version 12.00
# Visual Studio Version 17
VisualStudioVersion = 17.10.35013.160
MinimumVisualStudioVersion = 10.0.40219.1
Project("{FAE04EC0-301F-11D3-BF4B-00C04F79EFBC}") = "MVCFirstApp", "MVCFirstApp.csproj", "{05C3A49D-DEAA-4E12-A1FB-0CE482276072}"
EndProject
Global
	GlobalSection(SolutionConfigurationPlatforms) = preSolution
		Debug|Any CPU = Debug|Any CPU
		Release|Any CPU = Release|Any CPU
	EndGlobalSection
	GlobalSection(ProjectConfigurationPlatforms) = postSolution
		{05C3A49D-DEAA-4E12-A1FB-0CE482276072}.Debug|Any CPU.ActiveCfg = Debug|Any CPU
		{05C3A49D-DEAA-4E12-A1FB-0CE482276072}.Debug|Any CPU.Build.0 = Debug|Any CPU
		{05C3A49D-DEAA-4E12-A1FB-0CE482276072}.Release|Any CPU.ActiveCfg = Release|Any CPU
		{05C3A49D-DEAA-4E12-A1FB-0CE482276072}.Release|Any CPU.Build.0 = Release|Any CPU
	EndGlobalSection
	GlobalSection(SolutionProperties) = preSolution
		HideSolutionNode = FALSE
	EndGlobalSection
	GlobalSection(ExtensibilityGlobals) = postSolution
		SolutionGuid = {89743A9A-8A86-4371-9F9C-8F60EF774F56}
	EndGlobalSection
EndGlobal
